
Microsoft Visual Studio Solution File, Format Version 12.00
# Visual Studio Version 16
VisualStudioVersion = 16.0.30907.101
MinimumVisualStudioVersion = 10.0.40219.1
Project("{FAE04EC0-301F-11D3-BF4B-00C04F79EFBC}") = "ClassMetodDemo", "ClassMetodDemo\ClassMetodDemo.csproj", "{3124FB2C-3BA9-4328-B968-3E2F6E14C09B}"
EndProject
Global
	GlobalSection(SolutionConfigurationPlatforms) = preSolution
		Debug|Any CPU = Debug|Any CPU
		Release|Any CPU = Release|Any CPU
	EndGlobalSection
	GlobalSection(ProjectConfigurationPlatforms) = postSolution
		{3124FB2C-3BA9-4328-B968-3E2F6E14C09B}.Debug|Any CPU.ActiveCfg = Debug|Any CPU
		{3124FB2C-3BA9-4328-B968-3E2F6E14C09B}.Debug|Any CPU.Build.0 = Debug|Any CPU
		{3124FB2C-3BA9-4328-B968-3E2F6E14C09B}.Release|Any CPU.ActiveCfg = Release|Any CPU
		{3124FB2C-3BA9-4328-B968-3E2F6E14C09B}.Release|Any CPU.Build.0 = Release|Any CPU
	EndGlobalSection
	GlobalSection(SolutionProperties) = preSolution
		HideSolutionNode = FALSE
	EndGlobalSection
	GlobalSection(ExtensibilityGlobals) = postSolution
		SolutionGuid = {BB3A27C6-AB8E-4C9D-B98A-4F29175C4A8A}
	EndGlobalSection
EndGlobal
